{
    "name": "3-1",
    "version": "1.0.0",
    "lockfileVersion": 1,
    "requires": true,
    "dependencies": {
        "@types/prop-types": {
            "version": "15.7.3",
            "resolved": "https://registry.npmjs.org/@types/prop-types/-/prop-types-15.7.3.tgz",
            "integrity": "sha512-KfRL3PuHmqQLOG+2tGpRO26Ctg+Cq1E01D2DMriKEATHgWLfeNDmq9e29Q9WIky0dQ3NPkd1mzYH8Lm936Z9qw=="
        },
        "@types/react": {
            "version": "17.0.3",
            "resolved": "https://registry.npmjs.org/@types/react/-/react-17.0.3.tgz",
            "integrity": "sha512-wYOUxIgs2HZZ0ACNiIayItyluADNbONl7kt8lkLjVK8IitMH5QMyAh75Fwhmo37r1m7L2JaFj03sIfxBVDvRAg==",
            "requires": {
                "@types/prop-types": "*",
                "@types/scheduler": "*",
                "csstype": "^3.0.2"
            }
        },
        "@types/scheduler": {
            "version": "0.16.1",
            "resolved": "https://registry.npmjs.org/@types/scheduler/-/scheduler-0.16.1.tgz",
            "integrity": "sha512-EaCxbanVeyxDRTQBkdLb3Bvl/HK7PBK6UJjsSixB0iHKoWxE5uu2Q/DgtpOhPIojN0Zl1whvOd7PoHs2P0s5eA=="
        },
        "capture-stack-trace": {
            "version": "1.0.1",
            "resolved": "https://registry.npmjs.org/capture-stack-trace/-/capture-stack-trace-1.0.1.tgz",
            "integrity": "sha512-mYQLZnx5Qt1JgB1WEiMCf2647plpGeQ2NMR/5L0HNZzGQo4fuSPnK+wjfPnKZV0aiJDgzmWqqkV/g7JD+DW0qw=="
        },
        "create-error-class": {
            "version": "3.0.2",
            "resolved": "https://registry.npmjs.org/create-error-class/-/create-error-class-3.0.2.tgz",
            "integrity": "sha1-Br56vvlHo/FKMP1hBnHUAbyot7Y=",
            "requires": {
                "capture-stack-trace": "^1.0.0"
            }
        },
        "csstype": {
            "version": "3.0.7",
            "resolved": "https://registry.npmjs.org/csstype/-/csstype-3.0.7.tgz",
            "integrity": "sha512-KxnUB0ZMlnUWCsx2Z8MUsr6qV6ja1w9ArPErJaJaF8a5SOWoHLIszeCTKGRGRgtLgYrs1E8CHkNSP1VZTTPc9g=="
        },
        "datamuse": {
            "version": "1.0.5",
            "resolved": "https://registry.npmjs.org/datamuse/-/datamuse-1.0.5.tgz",
            "integrity": "sha1-i/wJ12PuJaQN8eo80l5magLcSWo=",
            "requires": {
                "got": "^6.3.0"
            }
        },
        "dotenv": {
            "version": "8.2.0",
            "resolved": "https://registry.npmjs.org/dotenv/-/dotenv-8.2.0.tgz",
            "integrity": "sha512-8sJ78ElpbDJBHNeBzUbUVLsqKdccaa/BXF1uPTw3GrvQTBgrQrtObr2mUrE38vzYd8cEv+m/JBfDLioYcfXoaw=="
        },
        "duplexer3": {
            "version": "0.1.4",
            "resolved": "https://registry.npmjs.org/duplexer3/-/duplexer3-0.1.4.tgz",
            "integrity": "sha1-7gHdHKwO08vH/b6jfcCo8c4ALOI="
        },
        "get-stream": {
            "version": "3.0.0",
            "resolved": "https://registry.npmjs.org/get-stream/-/get-stream-3.0.0.tgz",
            "integrity": "sha1-jpQ9E1jcN1VQVOy+LtsFqhdO3hQ="
        },
        "got": {
            "version": "6.7.1",
            "resolved": "https://registry.npmjs.org/got/-/got-6.7.1.tgz",
            "integrity": "sha1-JAzQV4WpoY5WHcG0S0HHY+8ejbA=",
            "requires": {
                "create-error-class": "^3.0.0",
                "duplexer3": "^0.1.4",
                "get-stream": "^3.0.0",
                "is-redirect": "^1.0.0",
                "is-retry-allowed": "^1.0.0",
                "is-stream": "^1.0.0",
                "lowercase-keys": "^1.0.0",
                "safe-buffer": "^5.0.1",
                "timed-out": "^4.0.0",
                "unzip-response": "^2.0.1",
                "url-parse-lax": "^1.0.0"
            }
        },
        "is-redirect": {
            "version": "1.0.0",
            "resolved": "https://registry.npmjs.org/is-redirect/-/is-redirect-1.0.0.tgz",
            "integrity": "sha1-HQPd7VO9jbDzDCbk+V02/HyH3CQ="
        },
        "is-retry-allowed": {
            "version": "1.2.0",
            "resolved": "https://registry.npmjs.org/is-retry-allowed/-/is-retry-allowed-1.2.0.tgz",
            "integrity": "sha512-RUbUeKwvm3XG2VYamhJL1xFktgjvPzL0Hq8C+6yrWIswDy3BIXGqCxhxkc30N9jqK311gVU137K8Ei55/zVJRg=="
        },
        "is-stream": {
            "version": "1.1.0",
            "resolved": "https://registry.npmjs.org/is-stream/-/is-stream-1.1.0.tgz",
            "integrity": "sha1-EtSj3U5o4Lec6428hBc66A2RykQ="
        },
        "js-tokens": {
            "version": "4.0.0",
            "resolved": "https://registry.npmjs.org/js-tokens/-/js-tokens-4.0.0.tgz",
            "integrity": "sha512-RdJUflcE3cUzKiMqQgsCu06FPu9UdIJO0beYbPhHN4k6apgJtifcoCtT9bcxOpYBtpD2kCM6Sbzg4CausW/PKQ=="
        },
        "loose-envify": {
            "version": "1.4.0",
            "resolved": "https://registry.npmjs.org/loose-envify/-/loose-envify-1.4.0.tgz",
            "integrity": "sha512-lyuxPGr/Wfhrlem2CL/UcnUc1zcqKAImBDzukY7Y5F/yQiNdko6+fRLevlw1HgMySw7f611UIY408EtxRSoK3Q==",
            "requires": {
                "js-tokens": "^3.0.0 || ^4.0.0"
            }
        },
        "lowercase-keys": {
            "version": "1.0.1",
            "resolved": "https://registry.npmjs.org/lowercase-keys/-/lowercase-keys-1.0.1.tgz",
            "integrity": "sha512-G2Lj61tXDnVFFOi8VZds+SoQjtQC3dgokKdDG2mTm1tx4m50NUHBOZSBwQQHyy0V12A0JTG4icfZQH+xPyh8VA=="
        },
        "object-assign": {
            "version": "4.1.1",
            "resolved": "https://registry.npmjs.org/object-assign/-/object-assign-4.1.1.tgz",
            "integrity": "sha1-IQmtx5ZYh8/AXLvUQsrIv7s2CGM="
        },
        "prepend-http": {
            "version": "1.0.4",
            "resolved": "https://registry.npmjs.org/prepend-http/-/prepend-http-1.0.4.tgz",
            "integrity": "sha1-1PRWKwzjaW5BrFLQ4ALlemNdxtw="
        },
        "prop-types": {
            "version": "15.7.2",
            "resolved": "https://registry.npmjs.org/prop-types/-/prop-types-15.7.2.tgz",
            "integrity": "sha512-8QQikdH7//R2vurIJSutZ1smHYTcLpRWEOlHnzcWHmBYrOGUysKwSsrC89BCiFj3CbrfJ/nXFdJepOVrY1GCHQ==",
            "requires": {
                "loose-envify": "^1.4.0",
                "object-assign": "^4.1.1",
                "react-is": "^16.8.1"
            }
        },
        "react-google-button": {
            "version": "0.7.2",
            "resolved": "https://registry.npmjs.org/react-google-button/-/react-google-button-0.7.2.tgz",
            "integrity": "sha512-LPIqU2hIlc212kqks8MtKjRstquVkP3SIjxlK5B1nIfg2R7YqSusJAxZUkJA5dv/z6QeSuGyI9ujwV/VWMTyAA==",
            "requires": {
                "prop-types": "^15.7.2"
            }
        },
        "react-google-login": {
            "version": "5.2.2",
            "resolved": "https://registry.npmjs.org/react-google-login/-/react-google-login-5.2.2.tgz",
            "integrity": "sha512-JUngfvaSMcOuV0lFff7+SzJ2qviuNMQdqlsDJkUM145xkGPVIfqWXq9Ui+2Dr6jdJWH5KYdynz9+4CzKjI5u6g==",
            "requires": {
                "@types/react": "*",
                "prop-types": "^15.6.0"
            }
        },
        "react-intersection-observer": {
            "version": "8.31.0",
            "resolved": "https://registry.npmjs.org/react-intersection-observer/-/react-intersection-observer-8.31.0.tgz",
            "integrity": "sha512-XraIC/tkrD9JtrmVA7ypEN1QIpKc52mXBH1u/bz/aicRLo8QQEJQAMUTb8mz4B6dqpPwyzgjrr7Ljv/2ACDtqw=="
        },
        "react-is": {
            "version": "16.13.1",
            "resolved": "https://registry.npmjs.org/react-is/-/react-is-16.13.1.tgz",
            "integrity": "sha512-24e6ynE2H+OKt4kqsOvNd8kBpV65zoxbA4BVsEOB3ARVWQki/DHzaUoC5KuON/BiccDaCCTZBuOcfZs70kR8bQ=="
        },
        "react-speech-recognition": {
            "version": "3.7.0",
            "resolved": "https://registry.npmjs.org/react-speech-recognition/-/react-speech-recognition-3.7.0.tgz",
            "integrity": "sha512-apJhZ94GCnW8/6qIbnWHZrZqgDfYyuvVzU1WdEOuDHLeIgQ5CSe3l7IwXbkvxXqYQp4/7DmYbOmvXt2rRahXyQ=="
        },
        "safe-buffer": {
            "version": "5.2.1",
            "resolved": "https://registry.npmjs.org/safe-buffer/-/safe-buffer-5.2.1.tgz",
            "integrity": "sha512-rp3So07KcdmmKbGvgaNxQSJr7bGVSVk5S9Eq1F+ppbRo70+YeaDxkw5Dd8NPN+GD6bjnYm2VuPuCXmpuYvmCXQ=="
        },
        "timed-out": {
            "version": "4.0.1",
            "resolved": "https://registry.npmjs.org/timed-out/-/timed-out-4.0.1.tgz",
            "integrity": "sha1-8y6srFoXW+ol1/q1Zas+2HQe9W8="
        },
        "unzip-response": {
            "version": "2.0.1",
            "resolved": "https://registry.npmjs.org/unzip-response/-/unzip-response-2.0.1.tgz",
            "integrity": "sha1-0vD3N9FrBhXnKmk17QQhRXLVb5c="
        },
        "url-parse-lax": {
            "version": "1.0.0",
            "resolved": "https://registry.npmjs.org/url-parse-lax/-/url-parse-lax-1.0.0.tgz",
            "integrity": "sha1-evjzA2Rem9eaJy56FKxovAYJ2nM=",
            "requires": {
                "prepend-http": "^1.0.1"
            }
        }
    }
}
